// !$*UTF8*$!
{
	archiveVersion = 1;
	classes = {
	};
	objectVersion = 56;
	objects = {

/* Begin PBXBuildFile section */
		96001A3629D25C5800D40358 /* ErrorWrapper.swift in Sources */ = {isa = PBXBuildFile; fileRef = 96001A3529D25C5800D40358 /* ErrorWrapper.swift */; };
		96001A3829D25CE600D40358 /* ErrorView.swift in Sources */ = {isa = PBXBuildFile; fileRef = 96001A3729D25CE600D40358 /* ErrorView.swift */; };
		96001A3A29D2645D00D40358 /* MeetingTimerView.swift in Sources */ = {isa = PBXBuildFile; fileRef = 96001A3929D2645D00D40358 /* MeetingTimerView.swift */; };
		96001A3C29D2668000D40358 /* SpeakerArc.swift in Sources */ = {isa = PBXBuildFile; fileRef = 96001A3B29D2668000D40358 /* SpeakerArc.swift */; };
		96001A3E29D26F5700D40358 /* SpeechRecognizer.swift in Sources */ = {isa = PBXBuildFile; fileRef = 96001A3D29D26F5700D40358 /* SpeechRecognizer.swift */; };
		96001A4029D2719100D40358 /* HistoryView.swift in Sources */ = {isa = PBXBuildFile; fileRef = 96001A3F29D2719100D40358 /* HistoryView.swift */; };
		9644E1832BB602BD009AA588 /* Localizable.xcstrings in Resources */ = {isa = PBXBuildFile; fileRef = 9644E1822BB602BD009AA588 /* Localizable.xcstrings */; };
		9682B4B829CA38A900615822 /* ScrumdingerApp.swift in Sources */ = {isa = PBXBuildFile; fileRef = 9682B4B729CA38A900615822 /* ScrumdingerApp.swift */; };
		9682B4BA29CA38A900615822 /* MeetingView.swift in Sources */ = {isa = PBXBuildFile; fileRef = 9682B4B929CA38A900615822 /* MeetingView.swift */; };
		9682B4BC29CA38AA00615822 /* Assets.xcassets in Resources */ = {isa = PBXBuildFile; fileRef = 9682B4BB29CA38AA00615822 /* Assets.xcassets */; };
		9682B4BF29CA38AA00615822 /* Preview Assets.xcassets in Resources */ = {isa = PBXBuildFile; fileRef = 9682B4BE29CA38AA00615822 /* Preview Assets.xcassets */; };
		9682B4C929CA38AA00615822 /* ScrumdingerTests.swift in Sources */ = {isa = PBXBuildFile; fileRef = 9682B4C829CA38AA00615822 /* ScrumdingerTests.swift */; };
		9682B4D329CA38AA00615822 /* ScrumdingerUITests.swift in Sources */ = {isa = PBXBuildFile; fileRef = 9682B4D229CA38AA00615822 /* ScrumdingerUITests.swift */; };
		9682B4D529CA38AA00615822 /* ScrumdingerUITestsLaunchTests.swift in Sources */ = {isa = PBXBuildFile; fileRef = 9682B4D429CA38AA00615822 /* ScrumdingerUITestsLaunchTests.swift */; };
		9682B4E329CA57D500615822 /* Theme.swift in Sources */ = {isa = PBXBuildFile; fileRef = 9682B4E229CA57D500615822 /* Theme.swift */; };
		9682B4E529CA6D5D00615822 /* DailyScrum.swift in Sources */ = {isa = PBXBuildFile; fileRef = 9682B4E429CA6D5D00615822 /* DailyScrum.swift */; };
		9682B4E729CA6EB000615822 /* CardView.swift in Sources */ = {isa = PBXBuildFile; fileRef = 9682B4E629CA6EB000615822 /* CardView.swift */; };
		9682B4E929CA76F300615822 /* TrailingIconLabelStyle.swift in Sources */ = {isa = PBXBuildFile; fileRef = 9682B4E829CA76F300615822 /* TrailingIconLabelStyle.swift */; };
		9682B4EB29CB667900615822 /* ScrumsView.swift in Sources */ = {isa = PBXBuildFile; fileRef = 9682B4EA29CB667900615822 /* ScrumsView.swift */; };
		9682B4ED29CB6E9A00615822 /* DetailView.swift in Sources */ = {isa = PBXBuildFile; fileRef = 9682B4EC29CB6E9A00615822 /* DetailView.swift */; };
		9682B4F129CB7B4100615822 /* DetailEditView.swift in Sources */ = {isa = PBXBuildFile; fileRef = 9682B4F029CB7B4100615822 /* DetailEditView.swift */; };
		9682B4F329CB82BD00615822 /* ThemeView.swift in Sources */ = {isa = PBXBuildFile; fileRef = 9682B4F229CB82BD00615822 /* ThemeView.swift */; };
		9682B4F529CB83E100615822 /* ThemePicker.swift in Sources */ = {isa = PBXBuildFile; fileRef = 9682B4F429CB83E100615822 /* ThemePicker.swift */; };
		9682B4F729CBA82C00615822 /* MeetingHeaderView.swift in Sources */ = {isa = PBXBuildFile; fileRef = 9682B4F629CBA82C00615822 /* MeetingHeaderView.swift */; };
		9682B4F929CBAC0D00615822 /* ScrumProgressViewStyle.swift in Sources */ = {isa = PBXBuildFile; fileRef = 9682B4F829CBAC0D00615822 /* ScrumProgressViewStyle.swift */; };
		9682B4FB29CBAC7900615822 /* ScrumTimer.swift in Sources */ = {isa = PBXBuildFile; fileRef = 9682B4FA29CBAC7900615822 /* ScrumTimer.swift */; };
		9682B4FD29CBADB200615822 /* MeetingFooterView.swift in Sources */ = {isa = PBXBuildFile; fileRef = 9682B4FC29CBADB200615822 /* MeetingFooterView.swift */; };
		9682B4FF29CBB1C000615822 /* AVPlayer+Ding.swift in Sources */ = {isa = PBXBuildFile; fileRef = 9682B4FE29CBB1C000615822 /* AVPlayer+Ding.swift */; };
		9682B50229CBB2B500615822 /* ding.wav in Resources */ = {isa = PBXBuildFile; fileRef = 9682B50129CBB2B500615822 /* ding.wav */; };
		9682B50429CBBA0B00615822 /* History.swift in Sources */ = {isa = PBXBuildFile; fileRef = 9682B50329CBBA0B00615822 /* History.swift */; };
		9682B50629CBC21D00615822 /* ScrumStore.swift in Sources */ = {isa = PBXBuildFile; fileRef = 9682B50529CBC21D00615822 /* ScrumStore.swift */; };
/* End PBXBuildFile section */

/* Begin PBXContainerItemProxy section */
		9682B4C529CA38AA00615822 /* PBXContainerItemProxy */ = {
			isa = PBXContainerItemProxy;
			containerPortal = 9682B4AC29CA38A900615822 /* Project object */;
			proxyType = 1;
			remoteGlobalIDString = 9682B4B329CA38A900615822;
			remoteInfo = Scrumdinger;
		};
		9682B4CF29CA38AA00615822 /* PBXContainerItemProxy */ = {
			isa = PBXContainerItemProxy;
			containerPortal = 9682B4AC29CA38A900615822 /* Project object */;
			proxyType = 1;
			remoteGlobalIDString = 9682B4B329CA38A900615822;
			remoteInfo = Scrumdinger;
		};
/* End PBXContainerItemProxy section */

/* Begin PBXFileReference section */
		96001A3529D25C5800D40358 /* ErrorWrapper.swift */ = {isa = PBXFileReference; lastKnownFileType = sourcecode.swift; path = ErrorWrapper.swift; sourceTree = "<group>"; };
		96001A3729D25CE600D40358 /* ErrorView.swift */ = {isa = PBXFileReference; lastKnownFileType = sourcecode.swift; path = ErrorView.swift; sourceTree = "<group>"; };
		96001A3929D2645D00D40358 /* MeetingTimerView.swift */ = {isa = PBXFileReference; lastKnownFileType = sourcecode.swift; path = MeetingTimerView.swift; sourceTree = "<group>"; };
		96001A3B29D2668000D40358 /* SpeakerArc.swift */ = {isa = PBXFileReference; lastKnownFileType = sourcecode.swift; path = SpeakerArc.swift; sourceTree = "<group>"; };
		96001A3D29D26F5700D40358 /* SpeechRecognizer.swift */ = {isa = PBXFileReference; lastKnownFileType = sourcecode.swift; path = SpeechRecognizer.swift; sourceTree = "<group>"; };
		96001A3F29D2719100D40358 /* HistoryView.swift */ = {isa = PBXFileReference; lastKnownFileType = sourcecode.swift; path = HistoryView.swift; sourceTree = "<group>"; };
		9644E1822BB602BD009AA588 /* Localizable.xcstrings */ = {isa = PBXFileReference; lastKnownFileType = text.json.xcstrings; path = Localizable.xcstrings; sourceTree = "<group>"; };
		9682B4B429CA38A900615822 /* Scrumdinger.app */ = {isa = PBXFileReference; explicitFileType = wrapper.application; includeInIndex = 0; path = Scrumdinger.app; sourceTree = BUILT_PRODUCTS_DIR; };
		9682B4B729CA38A900615822 /* ScrumdingerApp.swift */ = {isa = PBXFileReference; lastKnownFileType = sourcecode.swift; path = ScrumdingerApp.swift; sourceTree = "<group>"; };
		9682B4B929CA38A900615822 /* MeetingView.swift */ = {isa = PBXFileReference; lastKnownFileType = sourcecode.swift; path = MeetingView.swift; sourceTree = "<group>"; };
		9682B4BB29CA38AA00615822 /* Assets.xcassets */ = {isa = PBXFileReference; lastKnownFileType = folder.assetcatalog; path = Assets.xcassets; sourceTree = "<group>"; };
		9682B4BE29CA38AA00615822 /* Preview Assets.xcassets */ = {isa = PBXFileReference; lastKnownFileType = folder.assetcatalog; path = "Preview Assets.xcassets"; sourceTree = "<group>"; };
		9682B4C429CA38AA00615822 /* ScrumdingerTests.xctest */ = {isa = PBXFileReference; explicitFileType = wrapper.cfbundle; includeInIndex = 0; path = ScrumdingerTests.xctest; sourceTree = BUILT_PRODUCTS_DIR; };
		9682B4C829CA38AA00615822 /* ScrumdingerTests.swift */ = {isa = PBXFileReference; lastKnownFileType = sourcecode.swift; path = ScrumdingerTests.swift; sourceTree = "<group>"; };
		9682B4CE29CA38AA00615822 /* ScrumdingerUITests.xctest */ = {isa = PBXFileReference; explicitFileType = wrapper.cfbundle; includeInIndex = 0; path = ScrumdingerUITests.xctest; sourceTree = BUILT_PRODUCTS_DIR; };
		9682B4D229CA38AA00615822 /* ScrumdingerUITests.swift */ = {isa = PBXFileReference; lastKnownFileType = sourcecode.swift; path = ScrumdingerUITests.swift; sourceTree = "<group>"; };
		9682B4D429CA38AA00615822 /* ScrumdingerUITestsLaunchTests.swift */ = {isa = PBXFileReference; lastKnownFileType = sourcecode.swift; path = ScrumdingerUITestsLaunchTests.swift; sourceTree = "<group>"; };
		9682B4E229CA57D500615822 /* Theme.swift */ = {isa = PBXFileReference; lastKnownFileType = sourcecode.swift; path = Theme.swift; sourceTree = "<group>"; };
		9682B4E429CA6D5D00615822 /* DailyScrum.swift */ = {isa = PBXFileReference; lastKnownFileType = sourcecode.swift; path = DailyScrum.swift; sourceTree = "<group>"; };
		9682B4E629CA6EB000615822 /* CardView.swift */ = {isa = PBXFileReference; lastKnownFileType = sourcecode.swift; path = CardView.swift; sourceTree = "<group>"; };
		9682B4E829CA76F300615822 /* TrailingIconLabelStyle.swift */ = {isa = PBXFileReference; lastKnownFileType = sourcecode.swift; path = TrailingIconLabelStyle.swift; sourceTree = "<group>"; };
		9682B4EA29CB667900615822 /* ScrumsView.swift */ = {isa = PBXFileReference; lastKnownFileType = sourcecode.swift; path = ScrumsView.swift; sourceTree = "<group>"; };
		9682B4EC29CB6E9A00615822 /* DetailView.swift */ = {isa = PBXFileReference; lastKnownFileType = sourcecode.swift; path = DetailView.swift; sourceTree = "<group>"; };
		9682B4F029CB7B4100615822 /* DetailEditView.swift */ = {isa = PBXFileReference; lastKnownFileType = sourcecode.swift; path = DetailEditView.swift; sourceTree = "<group>"; };
		9682B4F229CB82BD00615822 /* ThemeView.swift */ = {isa = PBXFileReference; lastKnownFileType = sourcecode.swift; path = ThemeView.swift; sourceTree = "<group>"; };
		9682B4F429CB83E100615822 /* ThemePicker.swift */ = {isa = PBXFileReference; lastKnownFileType = sourcecode.swift; path = ThemePicker.swift; sourceTree = "<group>"; };
		9682B4F629CBA82C00615822 /* MeetingHeaderView.swift */ = {isa = PBXFileReference; lastKnownFileType = sourcecode.swift; path = MeetingHeaderView.swift; sourceTree = "<group>"; };
		9682B4F829CBAC0D00615822 /* ScrumProgressViewStyle.swift */ = {isa = PBXFileReference; lastKnownFileType = sourcecode.swift; path = ScrumProgressViewStyle.swift; sourceTree = "<group>"; };
		9682B4FA29CBAC7900615822 /* ScrumTimer.swift */ = {isa = PBXFileReference; lastKnownFileType = sourcecode.swift; path = ScrumTimer.swift; sourceTree = "<group>"; };
		9682B4FC29CBADB200615822 /* MeetingFooterView.swift */ = {isa = PBXFileReference; lastKnownFileType = sourcecode.swift; path = MeetingFooterView.swift; sourceTree = "<group>"; };
		9682B4FE29CBB1C000615822 /* AVPlayer+Ding.swift */ = {isa = PBXFileReference; lastKnownFileType = sourcecode.swift; path = "AVPlayer+Ding.swift"; sourceTree = "<group>"; };
		9682B50129CBB2B500615822 /* ding.wav */ = {isa = PBXFileReference; lastKnownFileType = audio.wav; name = ding.wav; path = ../../../../../Downloads/ManagingStateAndLifeCycle/Complete/Scrumdinger/Resources/ding.wav; sourceTree = "<group>"; };
		9682B50329CBBA0B00615822 /* History.swift */ = {isa = PBXFileReference; lastKnownFileType = sourcecode.swift; path = History.swift; sourceTree = "<group>"; };
		9682B50529CBC21D00615822 /* ScrumStore.swift */ = {isa = PBXFileReference; lastKnownFileType = sourcecode.swift; path = ScrumStore.swift; sourceTree = "<group>"; };
/* End PBXFileReference section */

/* Begin PBXFrameworksBuildPhase section */
		9682B4B129CA38A900615822 /* Frameworks */ = {
			isa = PBXFrameworksBuildPhase;
			buildActionMask = 2147483647;
			files = (
			);
			runOnlyForDeploymentPostprocessing = 0;
		};
		9682B4C129CA38AA00615822 /* Frameworks */ = {
			isa = PBXFrameworksBuildPhase;
			buildActionMask = 2147483647;
			files = (
			);
			runOnlyForDeploymentPostprocessing = 0;
		};
		9682B4CB29CA38AA00615822 /* Frameworks */ = {
			isa = PBXFrameworksBuildPhase;
			buildActionMask = 2147483647;
			files = (
			);
			runOnlyForDeploymentPostprocessing = 0;
		};
/* End PBXFrameworksBuildPhase section */

/* Begin PBXGroup section */
		9682B4AB29CA38A900615822 = {
			isa = PBXGroup;
			children = (
				9644E1822BB602BD009AA588 /* Localizable.xcstrings */,
				9682B4B629CA38A900615822 /* Scrumdinger */,
				9682B4C729CA38AA00615822 /* ScrumdingerTests */,
				9682B4D129CA38AA00615822 /* ScrumdingerUITests */,
				9682B4B529CA38A900615822 /* Products */,
			);
			sourceTree = "<group>";
		};
		9682B4B529CA38A900615822 /* Products */ = {
			isa = PBXGroup;
			children = (
				9682B4B429CA38A900615822 /* Scrumdinger.app */,
				9682B4C429CA38AA00615822 /* ScrumdingerTests.xctest */,
				9682B4CE29CA38AA00615822 /* ScrumdingerUITests.xctest */,
			);
			name = Products;
			sourceTree = "<group>";
		};
		9682B4B629CA38A900615822 /* Scrumdinger */ = {
			isa = PBXGroup;
			children = (
				9682B4E129CA57BF00615822 /* Models */,
				9682B4B729CA38A900615822 /* ScrumdingerApp.swift */,
				9682B4E629CA6EB000615822 /* CardView.swift */,
				9682B4F029CB7B4100615822 /* DetailEditView.swift */,
				9682B4EC29CB6E9A00615822 /* DetailView.swift */,
				9682B4B929CA38A900615822 /* MeetingView.swift */,
				9682B4EA29CB667900615822 /* ScrumsView.swift */,
				9682B4E829CA76F300615822 /* TrailingIconLabelStyle.swift */,
				9682B4BB29CA38AA00615822 /* Assets.xcassets */,
				9682B4BD29CA38AA00615822 /* Preview Content */,
				9682B4F229CB82BD00615822 /* ThemeView.swift */,
				9682B4F429CB83E100615822 /* ThemePicker.swift */,
				9682B4F629CBA82C00615822 /* MeetingHeaderView.swift */,
				9682B4F829CBAC0D00615822 /* ScrumProgressViewStyle.swift */,
				9682B4FC29CBADB200615822 /* MeetingFooterView.swift */,
				9682B50029CBB29D00615822 /* Resources */,
				96001A3729D25CE600D40358 /* ErrorView.swift */,
				96001A3929D2645D00D40358 /* MeetingTimerView.swift */,
				96001A3B29D2668000D40358 /* SpeakerArc.swift */,
				96001A3F29D2719100D40358 /* HistoryView.swift */,
			);
			path = Scrumdinger;
			sourceTree = "<group>";
		};
		9682B4BD29CA38AA00615822 /* Preview Content */ = {
			isa = PBXGroup;
			children = (
				9682B4BE29CA38AA00615822 /* Preview Assets.xcassets */,
			);
			path = "Preview Content";
			sourceTree = "<group>";
		};
		9682B4C729CA38AA00615822 /* ScrumdingerTests */ = {
			isa = PBXGroup;
			children = (
				9682B4C829CA38AA00615822 /* ScrumdingerTests.swift */,
			);
			path = ScrumdingerTests;
			sourceTree = "<group>";
		};
		9682B4D129CA38AA00615822 /* ScrumdingerUITests */ = {
			isa = PBXGroup;
			children = (
				9682B4D229CA38AA00615822 /* ScrumdingerUITests.swift */,
				9682B4D429CA38AA00615822 /* ScrumdingerUITestsLaunchTests.swift */,
			);
			path = ScrumdingerUITests;
			sourceTree = "<group>";
		};
		9682B4E129CA57BF00615822 /* Models */ = {
			isa = PBXGroup;
			children = (
				9682B4E229CA57D500615822 /* Theme.swift */,
				9682B4E429CA6D5D00615822 /* DailyScrum.swift */,
				9682B4FA29CBAC7900615822 /* ScrumTimer.swift */,
				9682B4FE29CBB1C000615822 /* AVPlayer+Ding.swift */,
				9682B50329CBBA0B00615822 /* History.swift */,
				9682B50529CBC21D00615822 /* ScrumStore.swift */,
				96001A3529D25C5800D40358 /* ErrorWrapper.swift */,
				96001A3D29D26F5700D40358 /* SpeechRecognizer.swift */,
			);
			path = Models;
			sourceTree = "<group>";
		};
		9682B50029CBB29D00615822 /* Resources */ = {
			isa = PBXGroup;
			children = (
				9682B50129CBB2B500615822 /* ding.wav */,
			);
			path = Resources;
			sourceTree = "<group>";
		};
/* End PBXGroup section */

/* Begin PBXNativeTarget section */
		9682B4B329CA38A900615822 /* Scrumdinger */ = {
			isa = PBXNativeTarget;
			buildConfigurationList = 9682B4D829CA38AA00615822 /* Build configuration list for PBXNativeTarget "Scrumdinger" */;
			buildPhases = (
				9682B4B029CA38A900615822 /* Sources */,
				9682B4B129CA38A900615822 /* Frameworks */,
				9682B4B229CA38A900615822 /* Resources */,
			);
			buildRules = (
			);
			dependencies = (
			);
			name = Scrumdinger;
			productName = Scrumdinger;
			productReference = 9682B4B429CA38A900615822 /* Scrumdinger.app */;
			productType = "com.apple.product-type.application";
		};
		9682B4C329CA38AA00615822 /* ScrumdingerTests */ = {
			isa = PBXNativeTarget;
			buildConfigurationList = 9682B4DB29CA38AA00615822 /* Build configuration list for PBXNativeTarget "ScrumdingerTests" */;
			buildPhases = (
				9682B4C029CA38AA00615822 /* Sources */,
				9682B4C129CA38AA00615822 /* Frameworks */,
				9682B4C229CA38AA00615822 /* Resources */,
			);
			buildRules = (
			);
			dependencies = (
				9682B4C629CA38AA00615822 /* PBXTargetDependency */,
			);
			name = ScrumdingerTests;
			productName = ScrumdingerTests;
			productReference = 9682B4C429CA38AA00615822 /* ScrumdingerTests.xctest */;
			productType = "com.apple.product-type.bundle.unit-test";
		};
		9682B4CD29CA38AA00615822 /* ScrumdingerUITests */ = {
			isa = PBXNativeTarget;
			buildConfigurationList = 9682B4DE29CA38AA00615822 /* Build configuration list for PBXNativeTarget "ScrumdingerUITests" */;
			buildPhases = (
				9682B4CA29CA38AA00615822 /* Sources */,
				9682B4CB29CA38AA00615822 /* Frameworks */,
				9682B4CC29CA38AA00615822 /* Resources */,
			);
			buildRules = (
			);
			dependencies = (
				9682B4D029CA38AA00615822 /* PBXTargetDependency */,
			);
			name = ScrumdingerUITests;
			productName = ScrumdingerUITests;
			productReference = 9682B4CE29CA38AA00615822 /* ScrumdingerUITests.xctest */;
			productType = "com.apple.product-type.bundle.ui-testing";
		};
/* End PBXNativeTarget section */

/* Begin PBXProject section */
		9682B4AC29CA38A900615822 /* Project object */ = {
			isa = PBXProject;
			attributes = {
				BuildIndependentTargetsInParallel = 1;
				LastSwiftUpdateCheck = 1420;
				LastUpgradeCheck = 1420;
				TargetAttributes = {
					9682B4B329CA38A900615822 = {
						CreatedOnToolsVersion = 14.2;
					};
					9682B4C329CA38AA00615822 = {
						CreatedOnToolsVersion = 14.2;
						TestTargetID = 9682B4B329CA38A900615822;
					};
					9682B4CD29CA38AA00615822 = {
						CreatedOnToolsVersion = 14.2;
						TestTargetID = 9682B4B329CA38A900615822;
					};
				};
			};
			buildConfigurationList = 9682B4AF29CA38A900615822 /* Build configuration list for PBXProject "Scrumdinger" */;
			compatibilityVersion = "Xcode 14.0";
			developmentRegion = en;
			hasScannedForEncodings = 0;
			knownRegions = (
				en,
				Base,
				es,
			);
			mainGroup = 9682B4AB29CA38A900615822;
			productRefGroup = 9682B4B529CA38A900615822 /* Products */;
			projectDirPath = "";
			projectRoot = "";
			targets = (
				9682B4B329CA38A900615822 /* Scrumdinger */,
				9682B4C329CA38AA00615822 /* ScrumdingerTests */,
				9682B4CD29CA38AA00615822 /* ScrumdingerUITests */,
			);
		};
/* End PBXProject section */

/* Begin PBXResourcesBuildPhase section */
		9682B4B229CA38A900615822 /* Resources */ = {
			isa = PBXResourcesBuildPhase;
			buildActionMask = 2147483647;
			files = (
				9682B50229CBB2B500615822 /* ding.wav in Resources */,
				9682B4BF29CA38AA00615822 /* Preview Assets.xcassets in Resources */,
				9644E1832BB602BD009AA588 /* Localizable.xcstrings in Resources */,
				9682B4BC29CA38AA00615822 /* Assets.xcassets in Resources */,
			);
			runOnlyForDeploymentPostprocessing = 0;
		};
		9682B4C229CA38AA00615822 /* Resources */ = {
			isa = PBXResourcesBuildPhase;
			buildActionMask = 2147483647;
			files = (
			);
			runOnlyForDeploymentPostprocessing = 0;
		};
		9682B4CC29CA38AA00615822 /* Resources */ = {
			isa = PBXResourcesBuildPhase;
			buildActionMask = 2147483647;
			files = (
			);
			runOnlyForDeploymentPostprocessing = 0;
		};
/* End PBXResourcesBuildPhase section */

/* Begin PBXSourcesBuildPhase section */
		9682B4B029CA38A900615822 /* Sources */ = {
			isa = PBXSourcesBuildPhase;
			buildActionMask = 2147483647;
			files = (
				9682B50429CBBA0B00615822 /* History.swift in Sources */,
				96001A4029D2719100D40358 /* HistoryView.swift in Sources */,
				9682B4F529CB83E100615822 /* ThemePicker.swift in Sources */,
				9682B4F929CBAC0D00615822 /* ScrumProgressViewStyle.swift in Sources */,
				9682B4FD29CBADB200615822 /* MeetingFooterView.swift in Sources */,
				9682B50629CBC21D00615822 /* ScrumStore.swift in Sources */,
				9682B4FB29CBAC7900615822 /* ScrumTimer.swift in Sources */,
				9682B4E529CA6D5D00615822 /* DailyScrum.swift in Sources */,
				9682B4ED29CB6E9A00615822 /* DetailView.swift in Sources */,
				9682B4F729CBA82C00615822 /* MeetingHeaderView.swift in Sources */,
				96001A3A29D2645D00D40358 /* MeetingTimerView.swift in Sources */,
				9682B4F129CB7B4100615822 /* DetailEditView.swift in Sources */,
				96001A3629D25C5800D40358 /* ErrorWrapper.swift in Sources */,
				9682B4E929CA76F300615822 /* TrailingIconLabelStyle.swift in Sources */,
				9682B4E329CA57D500615822 /* Theme.swift in Sources */,
				9682B4EB29CB667900615822 /* ScrumsView.swift in Sources */,
				9682B4BA29CA38A900615822 /* MeetingView.swift in Sources */,
				96001A3E29D26F5700D40358 /* SpeechRecognizer.swift in Sources */,
				96001A3829D25CE600D40358 /* ErrorView.swift in Sources */,
				9682B4B829CA38A900615822 /* ScrumdingerApp.swift in Sources */,
				9682B4F329CB82BD00615822 /* ThemeView.swift in Sources */,
				9682B4E729CA6EB000615822 /* CardView.swift in Sources */,
				96001A3C29D2668000D40358 /* SpeakerArc.swift in Sources */,
				9682B4FF29CBB1C000615822 /* AVPlayer+Ding.swift in Sources */,
			);
			runOnlyForDeploymentPostprocessing = 0;
		};
		9682B4C029CA38AA00615822 /* Sources */ = {
			isa = PBXSourcesBuildPhase;
			buildActionMask = 2147483647;
			files = (
				9682B4C929CA38AA00615822 /* ScrumdingerTests.swift in Sources */,
			);
			runOnlyForDeploymentPostprocessing = 0;
		};
		9682B4CA29CA38AA00615822 /* Sources */ = {
			isa = PBXSourcesBuildPhase;
			buildActionMask = 2147483647;
			files = (
				9682B4D529CA38AA00615822 /* ScrumdingerUITestsLaunchTests.swift in Sources */,
				9682B4D329CA38AA00615822 /* ScrumdingerUITests.swift in Sources */,
			);
			runOnlyForDeploymentPostprocessing = 0;
		};
/* End PBXSourcesBuildPhase section */

/* Begin PBXTargetDependency section */
		9682B4C629CA38AA00615822 /* PBXTargetDependency */ = {
			isa = PBXTargetDependency;
			target = 9682B4B329CA38A900615822 /* Scrumdinger */;
			targetProxy = 9682B4C529CA38AA00615822 /* PBXContainerItemProxy */;
		};
		9682B4D029CA38AA00615822 /* PBXTargetDependency */ = {
			isa = PBXTargetDependency;
			target = 9682B4B329CA38A900615822 /* Scrumdinger */;
			targetProxy = 9682B4CF29CA38AA00615822 /* PBXContainerItemProxy */;
		};
/* End PBXTargetDependency section */

/* Begin XCBuildConfiguration section */
		9682B4D629CA38AA00615822 /* Debug */ = {
			isa = XCBuildConfiguration;
			buildSettings = {
				ALWAYS_SEARCH_USER_PATHS = NO;
				CLANG_ANALYZER_NONNULL = YES;
				CLANG_ANALYZER_NUMBER_OBJECT_CONVERSION = YES_AGGRESSIVE;
				CLANG_CXX_LANGUAGE_STANDARD = "gnu++20";
				CLANG_ENABLE_MODULES = YES;
				CLANG_ENABLE_OBJC_ARC = YES;
				CLANG_ENABLE_OBJC_WEAK = YES;
				CLANG_WARN_BLOCK_CAPTURE_AUTORELEASING = YES;
				CLANG_WARN_BOOL_CONVERSION = YES;
				CLANG_WARN_COMMA = YES;
				CLANG_WARN_CONSTANT_CONVERSION = YES;
				CLANG_WARN_DEPRECATED_OBJC_IMPLEMENTATIONS = YES;
				CLANG_WARN_DIRECT_OBJC_ISA_USAGE = YES_ERROR;
				CLANG_WARN_DOCUMENTATION_COMMENTS = YES;
				CLANG_WARN_EMPTY_BODY = YES;
				CLANG_WARN_ENUM_CONVERSION = YES;
				CLANG_WARN_INFINITE_RECURSION = YES;
				CLANG_WARN_INT_CONVERSION = YES;
				CLANG_WARN_NON_LITERAL_NULL_CONVERSION = YES;
				CLANG_WARN_OBJC_IMPLICIT_RETAIN_SELF = YES;
				CLANG_WARN_OBJC_LITERAL_CONVERSION = YES;
				CLANG_WARN_OBJC_ROOT_CLASS = YES_ERROR;
				CLANG_WARN_QUOTED_INCLUDE_IN_FRAMEWORK_HEADER = YES;
				CLANG_WARN_RANGE_LOOP_ANALYSIS = YES;
				CLANG_WARN_STRICT_PROTOTYPES = YES;
				CLANG_WARN_SUSPICIOUS_MOVE = YES;
				CLANG_WARN_UNGUARDED_AVAILABILITY = YES_AGGRESSIVE;
				CLANG_WARN_UNREACHABLE_CODE = YES;
				CLANG_WARN__DUPLICATE_METHOD_MATCH = YES;
				COPY_PHASE_STRIP = NO;
				DEBUG_INFORMATION_FORMAT = dwarf;
				ENABLE_STRICT_OBJC_MSGSEND = YES;
				ENABLE_TESTABILITY = YES;
				GCC_C_LANGUAGE_STANDARD = gnu11;
				GCC_DYNAMIC_NO_PIC = NO;
				GCC_NO_COMMON_BLOCKS = YES;
				GCC_OPTIMIZATION_LEVEL = 0;
				GCC_PREPROCESSOR_DEFINITIONS = (
					"DEBUG=1",
					"$(inherited)",
				);
				GCC_WARN_64_TO_32_BIT_CONVERSION = YES;
				GCC_WARN_ABOUT_RETURN_TYPE = YES_ERROR;
				GCC_WARN_UNDECLARED_SELECTOR = YES;
				GCC_WARN_UNINITIALIZED_AUTOS = YES_AGGRESSIVE;
				GCC_WARN_UNUSED_FUNCTION = YES;
				GCC_WARN_UNUSED_VARIABLE = YES;
				IPHONEOS_DEPLOYMENT_TARGET = 16.2;
				MTL_ENABLE_DEBUG_INFO = INCLUDE_SOURCE;
				MTL_FAST_MATH = YES;
				ONLY_ACTIVE_ARCH = YES;
				SDKROOT = iphoneos;
				SWIFT_ACTIVE_COMPILATION_CONDITIONS = DEBUG;
				SWIFT_OPTIMIZATION_LEVEL = "-Onone";
			};
			name = Debug;
		};
		9682B4D729CA38AA00615822 /* Release */ = {
			isa = XCBuildConfiguration;
			buildSettings = {
				ALWAYS_SEARCH_USER_PATHS = NO;
				CLANG_ANALYZER_NONNULL = YES;
				CLANG_ANALYZER_NUMBER_OBJECT_CONVERSION = YES_AGGRESSIVE;
				CLANG_CXX_LANGUAGE_STANDARD = "gnu++20";
				CLANG_ENABLE_MODULES = YES;
				CLANG_ENABLE_OBJC_ARC = YES;
				CLANG_ENABLE_OBJC_WEAK = YES;
				CLANG_WARN_BLOCK_CAPTURE_AUTORELEASING = YES;
				CLANG_WARN_BOOL_CONVERSION = YES;
				CLANG_WARN_COMMA = YES;
				CLANG_WARN_CONSTANT_CONVERSION = YES;
				CLANG_WARN_DEPRECATED_OBJC_IMPLEMENTATIONS = YES;
				CLANG_WARN_DIRECT_OBJC_ISA_USAGE = YES_ERROR;
				CLANG_WARN_DOCUMENTATION_COMMENTS = YES;
				CLANG_WARN_EMPTY_BODY = YES;
				CLANG_WARN_ENUM_CONVERSION = YES;
				CLANG_WARN_INFINITE_RECURSION = YES;
				CLANG_WARN_INT_CONVERSION = YES;
				CLANG_WARN_NON_LITERAL_NULL_CONVERSION = YES;
				CLANG_WARN_OBJC_IMPLICIT_RETAIN_SELF = YES;
				CLANG_WARN_OBJC_LITERAL_CONVERSION = YES;
				CLANG_WARN_OBJC_ROOT_CLASS = YES_ERROR;
				CLANG_WARN_QUOTED_INCLUDE_IN_FRAMEWORK_HEADER = YES;
				CLANG_WARN_RANGE_LOOP_ANALYSIS = YES;
				CLANG_WARN_STRICT_PROTOTYPES = YES;
				CLANG_WARN_SUSPICIOUS_MOVE = YES;
				CLANG_WARN_UNGUARDED_AVAILABILITY = YES_AGGRESSIVE;
				CLANG_WARN_UNREACHABLE_CODE = YES;
				CLANG_WARN__DUPLICATE_METHOD_MATCH = YES;
				COPY_PHASE_STRIP = NO;
				DEBUG_INFORMATION_FORMAT = "dwarf-with-dsym";
				ENABLE_NS_ASSERTIONS = NO;
				ENABLE_STRICT_OBJC_MSGSEND = YES;
				GCC_C_LANGUAGE_STANDARD = gnu11;
				GCC_NO_COMMON_BLOCKS = YES;
				GCC_WARN_64_TO_32_BIT_CONVERSION = YES;
				GCC_WARN_ABOUT_RETURN_TYPE = YES_ERROR;
				GCC_WARN_UNDECLARED_SELECTOR = YES;
				GCC_WARN_UNINITIALIZED_AUTOS = YES_AGGRESSIVE;
				GCC_WARN_UNUSED_FUNCTION = YES;
				GCC_WARN_UNUSED_VARIABLE = YES;
				IPHONEOS_DEPLOYMENT_TARGET = 16.2;
				MTL_ENABLE_DEBUG_INFO = NO;
				MTL_FAST_MATH = YES;
				SDKROOT = iphoneos;
				SWIFT_COMPILATION_MODE = wholemodule;
				SWIFT_OPTIMIZATION_LEVEL = "-O";
				VALIDATE_PRODUCT = YES;
			};
			name = Release;
		};
		9682B4D929CA38AA00615822 /* Debug */ = {
			isa = XCBuildConfiguration;
			buildSettings = {
				ASSETCATALOG_COMPILER_APPICON_NAME = AppIcon;
				ASSETCATALOG_COMPILER_GLOBAL_ACCENT_COLOR_NAME = AccentColor;
				CODE_SIGN_STYLE = Automatic;
				CURRENT_PROJECT_VERSION = 1;
				DEVELOPMENT_ASSET_PATHS = "\"Scrumdinger/Preview Content\"";
				ENABLE_PREVIEWS = YES;
				GENERATE_INFOPLIST_FILE = YES;
				INFOPLIST_KEY_NSMicrophoneUsageDescription = "Audio is recorded to transcibe the meeting. Audio recordings are discarded after transcription";
				INFOPLIST_KEY_NSSpeechRecognitionUsageDescription = "You can view a text transcription of your meeting in the app";
				INFOPLIST_KEY_UIApplicationSceneManifest_Generation = YES;
				INFOPLIST_KEY_UIApplicationSupportsIndirectInputEvents = YES;
				INFOPLIST_KEY_UILaunchScreen_Generation = YES;
				INFOPLIST_KEY_UISupportedInterfaceOrientations_iPad = "UIInterfaceOrientationPortrait UIInterfaceOrientationPortraitUpsideDown UIInterfaceOrientationLandscapeLeft UIInterfaceOrientationLandscapeRight";
				INFOPLIST_KEY_UISupportedInterfaceOrientations_iPhone = "UIInterfaceOrientationPortrait UIInterfaceOrientationLandscapeLeft UIInterfaceOrientationLandscapeRight";
				LD_RUNPATH_SEARCH_PATHS = (
					"$(inherited)",
					"@executable_path/Frameworks",
				);
				MARKETING_VERSION = 1.0;
				PRODUCT_BUNDLE_IDENTIFIER = Tutorial.Scrumdinger;
				PRODUCT_NAME = "$(TARGET_NAME)";
				SWIFT_EMIT_LOC_STRINGS = YES;
				SWIFT_VERSION = 5.0;
				TARGETED_DEVICE_FAMILY = "1,2";
			};
			name = Debug;
		};
		9682B4DA29CA38AA00615822 /* Release */ = {
			isa = XCBuildConfiguration;
			buildSettings = {
				ASSETCATALOG_COMPILER_APPICON_NAME = AppIcon;
				ASSETCATALOG_COMPILER_GLOBAL_ACCENT_COLOR_NAME = AccentColor;
				CODE_SIGN_STYLE = Automatic;
				CURRENT_PROJECT_VERSION = 1;
				DEVELOPMENT_ASSET_PATHS = "\"Scrumdinger/Preview Content\"";
				ENABLE_PREVIEWS = YES;
				GENERATE_INFOPLIST_FILE = YES;
				INFOPLIST_KEY_NSMicrophoneUsageDescription = "Audio is recorded to transcibe the meeting. Audio recordings are discarded after transcription";
				INFOPLIST_KEY_NSSpeechRecognitionUsageDescription = "You can view a text transcription of your meeting in the app";
				INFOPLIST_KEY_UIApplicationSceneManifest_Generation = YES;
				INFOPLIST_KEY_UIApplicationSupportsIndirectInputEvents = YES;
				INFOPLIST_KEY_UILaunchScreen_Generation = YES;
				INFOPLIST_KEY_UISupportedInterfaceOrientations_iPad = "UIInterfaceOrientationPortrait UIInterfaceOrientationPortraitUpsideDown UIInterfaceOrientationLandscapeLeft UIInterfaceOrientationLandscapeRight";
				INFOPLIST_KEY_UISupportedInterfaceOrientations_iPhone = "UIInterfaceOrientationPortrait UIInterfaceOrientationLandscapeLeft UIInterfaceOrientationLandscapeRight";
				LD_RUNPATH_SEARCH_PATHS = (
					"$(inherited)",
					"@executable_path/Frameworks",
				);
				MARKETING_VERSION = 1.0;
				PRODUCT_BUNDLE_IDENTIFIER = Tutorial.Scrumdinger;
				PRODUCT_NAME = "$(TARGET_NAME)";
				SWIFT_EMIT_LOC_STRINGS = YES;
				SWIFT_VERSION = 5.0;
				TARGETED_DEVICE_FAMILY = "1,2";
			};
			name = Release;
		};
		9682B4DC29CA38AA00615822 /* Debug */ = {
			isa = XCBuildConfiguration;
			buildSettings = {
				ALWAYS_EMBED_SWIFT_STANDARD_LIBRARIES = YES;
				BUNDLE_LOADER = "$(TEST_HOST)";
				CODE_SIGN_STYLE = Automatic;
				CURRENT_PROJECT_VERSION = 1;
				GENERATE_INFOPLIST_FILE = YES;
				IPHONEOS_DEPLOYMENT_TARGET = 16.2;
				MARKETING_VERSION = 1.0;
				PRODUCT_BUNDLE_IDENTIFIER = Tutorial.ScrumdingerTests;
				PRODUCT_NAME = "$(TARGET_NAME)";
				SWIFT_EMIT_LOC_STRINGS = NO;
				SWIFT_VERSION = 5.0;
				TARGETED_DEVICE_FAMILY = "1,2";
				TEST_HOST = "$(BUILT_PRODUCTS_DIR)/Scrumdinger.app/$(BUNDLE_EXECUTABLE_FOLDER_PATH)/Scrumdinger";
			};
			name = Debug;
		};
		9682B4DD29CA38AA00615822 /* Release */ = {
			isa = XCBuildConfiguration;
			buildSettings = {
				ALWAYS_EMBED_SWIFT_STANDARD_LIBRARIES = YES;
				BUNDLE_LOADER = "$(TEST_HOST)";
				CODE_SIGN_STYLE = Automatic;
				CURRENT_PROJECT_VERSION = 1;
				GENERATE_INFOPLIST_FILE = YES;
				IPHONEOS_DEPLOYMENT_TARGET = 16.2;
				MARKETING_VERSION = 1.0;
				PRODUCT_BUNDLE_IDENTIFIER = Tutorial.ScrumdingerTests;
				PRODUCT_NAME = "$(TARGET_NAME)";
				SWIFT_EMIT_LOC_STRINGS = NO;
				SWIFT_VERSION = 5.0;
				TARGETED_DEVICE_FAMILY = "1,2";
				TEST_HOST = "$(BUILT_PRODUCTS_DIR)/Scrumdinger.app/$(BUNDLE_EXECUTABLE_FOLDER_PATH)/Scrumdinger";
			};
			name = Release;
		};
		9682B4DF29CA38AA00615822 /* Debug */ = {
			isa = XCBuildConfiguration;
			buildSettings = {
				ALWAYS_EMBED_SWIFT_STANDARD_LIBRARIES = YES;
				CODE_SIGN_STYLE = Automatic;
				CURRENT_PROJECT_VERSION = 1;
				GENERATE_INFOPLIST_FILE = YES;
				MARKETING_VERSION = 1.0;
				PRODUCT_BUNDLE_IDENTIFIER = Tutorial.ScrumdingerUITests;
				PRODUCT_NAME = "$(TARGET_NAME)";
				SWIFT_EMIT_LOC_STRINGS = NO;
				SWIFT_VERSION = 5.0;
				TARGETED_DEVICE_FAMILY = "1,2";
				TEST_TARGET_NAME = Scrumdinger;
			};
			name = Debug;
		};
		9682B4E029CA38AA00615822 /* Release */ = {
			isa = XCBuildConfiguration;
			buildSettings = {
				ALWAYS_EMBED_SWIFT_STANDARD_LIBRARIES = YES;
				CODE_SIGN_STYLE = Automatic;
				CURRENT_PROJECT_VERSION = 1;
				GENERATE_INFOPLIST_FILE = YES;
				MARKETING_VERSION = 1.0;
				PRODUCT_BUNDLE_IDENTIFIER = Tutorial.ScrumdingerUITests;
				PRODUCT_NAME = "$(TARGET_NAME)";
				SWIFT_EMIT_LOC_STRINGS = NO;
				SWIFT_VERSION = 5.0;
				TARGETED_DEVICE_FAMILY = "1,2";
				TEST_TARGET_NAME = Scrumdinger;
			};
			name = Release;
		};
/* End XCBuildConfiguration section */

/* Begin XCConfigurationList section */
		9682B4AF29CA38A900615822 /* Build configuration list for PBXProject "Scrumdinger" */ = {
			isa = XCConfigurationList;
			buildConfigurations = (
				9682B4D629CA38AA00615822 /* Debug */,
				9682B4D729CA38AA00615822 /* Release */,
			);
			defaultConfigurationIsVisible = 0;
			defaultConfigurationName = Release;
		};
		9682B4D829CA38AA00615822 /* Build configuration list for PBXNativeTarget "Scrumdinger" */ = {
			isa = XCConfigurationList;
			buildConfigurations = (
				9682B4D929CA38AA00615822 /* Debug */,
				9682B4DA29CA38AA00615822 /* Release */,
			);
			defaultConfigurationIsVisible = 0;
			defaultConfigurationName = Release;
		};
		9682B4DB29CA38AA00615822 /* Build configuration list for PBXNativeTarget "ScrumdingerTests" */ = {
			isa = XCConfigurationList;
			buildConfigurations = (
				9682B4DC29CA38AA00615822 /* Debug */,
				9682B4DD29CA38AA00615822 /* Release */,
			);
			defaultConfigurationIsVisible = 0;
			defaultConfigurationName = Release;
		};
		9682B4DE29CA38AA00615822 /* Build configuration list for PBXNativeTarget "ScrumdingerUITests" */ = {
			isa = XCConfigurationList;
			buildConfigurations = (
				9682B4DF29CA38AA00615822 /* Debug */,
				9682B4E029CA38AA00615822 /* Release */,
			);
			defaultConfigurationIsVisible = 0;
			defaultConfigurationName = Release;
		};
/* End XCConfigurationList section */
	};
	rootObject = 9682B4AC29CA38A900615822 /* Project object */;
}
